Microsoft Visual Studio Solution File, Format Version 12.00
# Visual Studio Version 17
VisualStudioVersion = 17.5.2.0
MinimumVisualStudioVersion = 10.0.40219.1
Project("{FAE04EC0-301F-11D3-BF4B-00C04F79EFBC}") = "ApiParaBD", "ApiParaBD.csproj", "{517C7002-7D25-2CAE-FA0A-BED9912B0ED3}"
EndProject
Global
	GlobalSection(SolutionConfigurationPlatforms) = preSolution
		Debug|Any CPU = Debug|Any CPU
		Release|Any CPU = Release|Any CPU
	EndGlobalSection
	GlobalSection(ProjectConfigurationPlatforms) = postSolution
		{517C7002-7D25-2CAE-FA0A-BED9912B0ED3}.Debug|Any CPU.ActiveCfg = Debug|Any CPU
		{517C7002-7D25-2CAE-FA0A-BED9912B0ED3}.Debug|Any CPU.Build.0 = Debug|Any CPU
		{517C7002-7D25-2CAE-FA0A-BED9912B0ED3}.Release|Any CPU.ActiveCfg = Release|Any CPU
		{517C7002-7D25-2CAE-FA0A-BED9912B0ED3}.Release|Any CPU.Build.0 = Release|Any CPU
	EndGlobalSection
	GlobalSection(SolutionProperties) = preSolution
		HideSolutionNode = FALSE
	EndGlobalSection
	GlobalSection(ExtensibilityGlobals) = postSolution
		SolutionGuid = {A49FFFCB-351A-4DA1-A3A1-EA25BBB0B470}
	EndGlobalSection
EndGlobal
